
Microsoft Visual Studio Solution File, Format Version 12.00
# Visual Studio Version 16
VisualStudioVersion = 16.0.30517.126
MinimumVisualStudioVersion = 10.0.40219.1
Project("{FAE04EC0-301F-11D3-BF4B-00C04F79EFBC}") = "Cs_learning_test", "Cs_learning_test\Cs_learning_test.csproj", "{761B6B7B-40B2-44C3-83D1-6A72B32F3FA7}"
EndProject
Global
	GlobalSection(SolutionConfigurationPlatforms) = preSolution
		Debug|Any CPU = Debug|Any CPU
		Release|Any CPU = Release|Any CPU
	EndGlobalSection
	GlobalSection(ProjectConfigurationPlatforms) = postSolution
		{761B6B7B-40B2-44C3-83D1-6A72B32F3FA7}.Debug|Any CPU.ActiveCfg = Debug|Any CPU
		{761B6B7B-40B2-44C3-83D1-6A72B32F3FA7}.Debug|Any CPU.Build.0 = Debug|Any CPU
		{761B6B7B-40B2-44C3-83D1-6A72B32F3FA7}.Release|Any CPU.ActiveCfg = Release|Any CPU
		{761B6B7B-40B2-44C3-83D1-6A72B32F3FA7}.Release|Any CPU.Build.0 = Release|Any CPU
	EndGlobalSection
	GlobalSection(SolutionProperties) = preSolution
		HideSolutionNode = FALSE
	EndGlobalSection
	GlobalSection(ExtensibilityGlobals) = postSolution
		SolutionGuid = {D02AC07F-A150-4628-BB1F-EE5B72D862BB}
	EndGlobalSection
EndGlobal
